
Microsoft Visual Studio Solution File, Format Version 12.00
# Visual Studio Version 17
VisualStudioVersion = 17.4.33403.182
MinimumVisualStudioVersion = 10.0.40219.1
Project("{8BC9CEB8-8B4A-11D0-8D11-00A0C91BC942}") = "№1", "№1\№1.vcxproj", "{E41CD3A7-04DA-4181-9B62-D9F48BA77861}"
EndProject
Project("{8BC9CEB8-8B4A-11D0-8D11-00A0C91BC942}") = "№2", "№2\№2.vcxproj", "{60A2F369-CB7A-4AFC-B992-729B3B80704C}"
EndProject
Project("{8BC9CEB8-8B4A-11D0-8D11-00A0C91BC942}") = "№3", "№3\№3.vcxproj", "{C9BA52AE-D34B-4D4B-BABA-E53B3C080E3B}"
EndProject
Project("{8BC9CEB8-8B4A-11D0-8D11-00A0C91BC942}") = "№4", "№4\№4.vcxproj", "{499D3ACB-F1B8-4AB2-876F-47B896FE8BE2}"
EndProject
Project("{8BC9CEB8-8B4A-11D0-8D11-00A0C91BC942}") = "№5", "№5\№5.vcxproj", "{B871B8C2-33F3-4475-A6CF-DEAEE75D5B85}"
EndProject
Project("{8BC9CEB8-8B4A-11D0-8D11-00A0C91BC942}") = "№6", "№6\№6.vcxproj", "{AB80632A-1741-4477-946A-503FFDD7CF2D}"
EndProject
Project("{8BC9CEB8-8B4A-11D0-8D11-00A0C91BC942}") = "№7", "№7\№7.vcxproj", "{50CD262F-3DF2-44F0-8BB2-B189DEEE32F9}"
EndProject
Project("{8BC9CEB8-8B4A-11D0-8D11-00A0C91BC942}") = "№8", "№8\№8.vcxproj", "{2C6333E9-9D92-490D-AAE7-B882AD2C2A52}"
EndProject
Global
	GlobalSection(SolutionConfigurationPlatforms) = preSolution
		Debug|x64 = Debug|x64
		Debug|x86 = Debug|x86
		Release|x64 = Release|x64
		Release|x86 = Release|x86
	EndGlobalSection
	GlobalSection(ProjectConfigurationPlatforms) = postSolution
		{E41CD3A7-04DA-4181-9B62-D9F48BA77861}.Debug|x64.ActiveCfg = Debug|x64
		{E41CD3A7-04DA-4181-9B62-D9F48BA77861}.Debug|x64.Build.0 = Debug|x64
		{E41CD3A7-04DA-4181-9B62-D9F48BA77861}.Debug|x86.ActiveCfg = Debug|Win32
		{E41CD3A7-04DA-4181-9B62-D9F48BA77861}.Debug|x86.Build.0 = Debug|Win32
		{E41CD3A7-04DA-4181-9B62-D9F48BA77861}.Release|x64.ActiveCfg = Release|x64
		{E41CD3A7-04DA-4181-9B62-D9F48BA77861}.Release|x64.Build.0 = Release|x64
		{E41CD3A7-04DA-4181-9B62-D9F48BA77861}.Release|x86.ActiveCfg = Release|Win32
		{E41CD3A7-04DA-4181-9B62-D9F48BA77861}.Release|x86.Build.0 = Release|Win32
		{60A2F369-CB7A-4AFC-B992-729B3B80704C}.Debug|x64.ActiveCfg = Debug|x64
		{60A2F369-CB7A-4AFC-B992-729B3B80704C}.Debug|x64.Build.0 = Debug|x64
		{60A2F369-CB7A-4AFC-B992-729B3B80704C}.Debug|x86.ActiveCfg = Debug|Win32
		{60A2F369-CB7A-4AFC-B992-729B3B80704C}.Debug|x86.Build.0 = Debug|Win32
		{60A2F369-CB7A-4AFC-B992-729B3B80704C}.Release|x64.ActiveCfg = Release|x64
		{60A2F369-CB7A-4AFC-B992-729B3B80704C}.Release|x64.Build.0 = Release|x64
		{60A2F369-CB7A-4AFC-B992-729B3B80704C}.Release|x86.ActiveCfg = Release|Win32
		{60A2F369-CB7A-4AFC-B992-729B3B80704C}.Release|x86.Build.0 = Release|Win32
		{C9BA52AE-D34B-4D4B-BABA-E53B3C080E3B}.Debug|x64.ActiveCfg = Debug|x64
		{C9BA52AE-D34B-4D4B-BABA-E53B3C080E3B}.Debug|x64.Build.0 = Debug|x64
		{C9BA52AE-D34B-4D4B-BABA-E53B3C080E3B}.Debug|x86.ActiveCfg = Debug|Win32
		{C9BA52AE-D34B-4D4B-BABA-E53B3C080E3B}.Debug|x86.Build.0 = Debug|Win32
		{C9BA52AE-D34B-4D4B-BABA-E53B3C080E3B}.Release|x64.ActiveCfg = Release|x64
		{C9BA52AE-D34B-4D4B-BABA-E53B3C080E3B}.Release|x64.Build.0 = Release|x64
		{C9BA52AE-D34B-4D4B-BABA-E53B3C080E3B}.Release|x86.ActiveCfg = Release|Win32
		{C9BA52AE-D34B-4D4B-BABA-E53B3C080E3B}.Release|x86.Build.0 = Release|Win32
		{499D3ACB-F1B8-4AB2-876F-47B896FE8BE2}.Debug|x64.ActiveCfg = Debug|x64
		{499D3ACB-F1B8-4AB2-876F-47B896FE8BE2}.Debug|x64.Build.0 = Debug|x64
		{499D3ACB-F1B8-4AB2-876F-47B896FE8BE2}.Debug|x86.ActiveCfg = Debug|Win32
		{499D3ACB-F1B8-4AB2-876F-47B896FE8BE2}.Debug|x86.Build.0 = Debug|Win32
		{499D3ACB-F1B8-4AB2-876F-47B896FE8BE2}.Release|x64.ActiveCfg = Release|x64
		{499D3ACB-F1B8-4AB2-876F-47B896FE8BE2}.Release|x64.Build.0 = Release|x64
		{499D3ACB-F1B8-4AB2-876F-47B896FE8BE2}.Release|x86.ActiveCfg = Release|Win32
		{499D3ACB-F1B8-4AB2-876F-47B896FE8BE2}.Release|x86.Build.0 = Release|Win32
		{B871B8C2-33F3-4475-A6CF-DEAEE75D5B85}.Debug|x64.ActiveCfg = Debug|x64
		{B871B8C2-33F3-4475-A6CF-DEAEE75D5B85}.Debug|x64.Build.0 = Debug|x64
		{B871B8C2-33F3-4475-A6CF-DEAEE75D5B85}.Debug|x86.ActiveCfg = Debug|Win32
		{B871B8C2-33F3-4475-A6CF-DEAEE75D5B85}.Debug|x86.Build.0 = Debug|Win32
		{B871B8C2-33F3-4475-A6CF-DEAEE75D5B85}.Release|x64.ActiveCfg = Release|x64
		{B871B8C2-33F3-4475-A6CF-DEAEE75D5B85}.Release|x64.Build.0 = Release|x64
		{B871B8C2-33F3-4475-A6CF-DEAEE75D5B85}.Release|x86.ActiveCfg = Release|Win32
		{B871B8C2-33F3-4475-A6CF-DEAEE75D5B85}.Release|x86.Build.0 = Release|Win32
		{AB80632A-1741-4477-946A-503FFDD7CF2D}.Debug|x64.ActiveCfg = Debug|x64
		{AB80632A-1741-4477-946A-503FFDD7CF2D}.Debug|x64.Build.0 = Debug|x64
		{AB80632A-1741-4477-946A-503FFDD7CF2D}.Debug|x86.ActiveCfg = Debug|Win32
		{AB80632A-1741-4477-946A-503FFDD7CF2D}.Debug|x86.Build.0 = Debug|Win32
		{AB80632A-1741-4477-946A-503FFDD7CF2D}.Release|x64.ActiveCfg = Release|x64
		{AB80632A-1741-4477-946A-503FFDD7CF2D}.Release|x64.Build.0 = Release|x64
		{AB80632A-1741-4477-946A-503FFDD7CF2D}.Release|x86.ActiveCfg = Release|Win32
		{AB80632A-1741-4477-946A-503FFDD7CF2D}.Release|x86.Build.0 = Release|Win32
		{50CD262F-3DF2-44F0-8BB2-B189DEEE32F9}.Debug|x64.ActiveCfg = Debug|x64
		{50CD262F-3DF2-44F0-8BB2-B189DEEE32F9}.Debug|x64.Build.0 = Debug|x64
		{50CD262F-3DF2-44F0-8BB2-B189DEEE32F9}.Debug|x86.ActiveCfg = Debug|Win32
		{50CD262F-3DF2-44F0-8BB2-B189DEEE32F9}.Debug|x86.Build.0 = Debug|Win32
		{50CD262F-3DF2-44F0-8BB2-B189DEEE32F9}.Release|x64.ActiveCfg = Release|x64
		{50CD262F-3DF2-44F0-8BB2-B189DEEE32F9}.Release|x64.Build.0 = Release|x64
		{50CD262F-3DF2-44F0-8BB2-B189DEEE32F9}.Release|x86.ActiveCfg = Release|Win32
		{50CD262F-3DF2-44F0-8BB2-B189DEEE32F9}.Release|x86.Build.0 = Release|Win32
		{2C6333E9-9D92-490D-AAE7-B882AD2C2A52}.Debug|x64.ActiveCfg = Debug|x64
		{2C6333E9-9D92-490D-AAE7-B882AD2C2A52}.Debug|x64.Build.0 = Debug|x64
		{2C6333E9-9D92-490D-AAE7-B882AD2C2A52}.Debug|x86.ActiveCfg = Debug|Win32
		{2C6333E9-9D92-490D-AAE7-B882AD2C2A52}.Debug|x86.Build.0 = Debug|Win32
		{2C6333E9-9D92-490D-AAE7-B882AD2C2A52}.Release|x64.ActiveCfg = Release|x64
		{2C6333E9-9D92-490D-AAE7-B882AD2C2A52}.Release|x64.Build.0 = Release|x64
		{2C6333E9-9D92-490D-AAE7-B882AD2C2A52}.Release|x86.ActiveCfg = Release|Win32
		{2C6333E9-9D92-490D-AAE7-B882AD2C2A52}.Release|x86.Build.0 = Release|Win32
	EndGlobalSection
	GlobalSection(SolutionProperties) = preSolution
		HideSolutionNode = FALSE
	EndGlobalSection
	GlobalSection(ExtensibilityGlobals) = postSolution
		SolutionGuid = {D9CFB6F7-6FE3-43CB-B3C1-8351C69769CC}
	EndGlobalSection
EndGlobal
